
Microsoft Visual Studio Solution File, Format Version 12.00
# Visual Studio Version 17
VisualStudioVersion = 17.5.33627.172
MinimumVisualStudioVersion = 10.0.40219.1
Project("{9A19103F-16F7-4668-BE54-9A1E7A4F7556}") = "Project2", "Project2.csproj", "{D955590C-AA9C-4EF7-B246-BD095142791B}"
EndProject
Global
	GlobalSection(SolutionConfigurationPlatforms) = preSolution
		Debug|Any CPU = Debug|Any CPU
		Release|Any CPU = Release|Any CPU
	EndGlobalSection
	GlobalSection(ProjectConfigurationPlatforms) = postSolution
		{D955590C-AA9C-4EF7-B246-BD095142791B}.Debug|Any CPU.ActiveCfg = Debug|Any CPU
		{D955590C-AA9C-4EF7-B246-BD095142791B}.Debug|Any CPU.Build.0 = Debug|Any CPU
		{D955590C-AA9C-4EF7-B246-BD095142791B}.Release|Any CPU.ActiveCfg = Release|Any CPU
		{D955590C-AA9C-4EF7-B246-BD095142791B}.Release|Any CPU.Build.0 = Release|Any CPU
	EndGlobalSection
	GlobalSection(SolutionProperties) = preSolution
		HideSolutionNode = FALSE
	EndGlobalSection
	GlobalSection(ExtensibilityGlobals) = postSolution
		SolutionGuid = {9DAFA5C6-3355-42D4-B452-99BC9E336747}
	EndGlobalSection
EndGlobal
